Microsoft Visual Studio Solution File, Format Version 12.00
# Visual Studio Version 17
VisualStudioVersion = 17.5.2.0
MinimumVisualStudioVersion = 10.0.40219.1
Project("{FAE04EC0-301F-11D3-BF4B-00C04F79EFBC}") = "BlazorWASMPortfolio", "BlazorWASMPortfolio.csproj", "{13755E68-0771-5D82-E6EB-D7CC4A17910B}"
EndProject
Global
	GlobalSection(SolutionConfigurationPlatforms) = preSolution
		Debug|Any CPU = Debug|Any CPU
		Release|Any CPU = Release|Any CPU
	EndGlobalSection
	GlobalSection(ProjectConfigurationPlatforms) = postSolution
		{13755E68-0771-5D82-E6EB-D7CC4A17910B}.Debug|Any CPU.ActiveCfg = Debug|Any CPU
		{13755E68-0771-5D82-E6EB-D7CC4A17910B}.Debug|Any CPU.Build.0 = Debug|Any CPU
		{13755E68-0771-5D82-E6EB-D7CC4A17910B}.Release|Any CPU.ActiveCfg = Release|Any CPU
		{13755E68-0771-5D82-E6EB-D7CC4A17910B}.Release|Any CPU.Build.0 = Release|Any CPU
	EndGlobalSection
	GlobalSection(SolutionProperties) = preSolution
		HideSolutionNode = FALSE
	EndGlobalSection
	GlobalSection(ExtensibilityGlobals) = postSolution
		SolutionGuid = {0981646D-9A81-42BF-9383-0DCAE05D1138}
	EndGlobalSection
EndGlobal
